// !$*UTF8*$!
{
	archiveVersion = 1;
	classes = {
	};
	objectVersion = 46;
	objects = {

/* Begin PBXBuildFile section */
		8577770B1BCF2795001FEF0B /* main.m in Sources */ = {isa = PBXBuildFile; fileRef = 8577770A1BCF2795001FEF0B /* main.m */; };
		8577770E1BCF2795001FEF0B /* AppDelegate.m in Sources */ = {isa = PBXBuildFile; fileRef = 8577770D1BCF2795001FEF0B /* AppDelegate.m */; };
		857777111BCF2795001FEF0B /* ViewController.m in Sources */ = {isa = PBXBuildFile; fileRef = 857777101BCF2795001FEF0B /* ViewController.m */; };
		857777141BCF2795001FEF0B /* Main.storyboard in Resources */ = {isa = PBXBuildFile; fileRef = 857777121BCF2795001FEF0B /* Main.storyboard */; };
		857777161BCF2795001FEF0B /* Assets.xcassets in Resources */ = {isa = PBXBuildFile; fileRef = 857777151BCF2795001FEF0B /* Assets.xcassets */; };
		857777191BCF2795001FEF0B /* LaunchScreen.storyboard in Resources */ = {isa = PBXBuildFile; fileRef = 857777171BCF2795001FEF0B /* LaunchScreen.storyboard */; };
		8577772F1BCF283D001FEF0B /* ECCreditCard.m in Sources */ = {isa = PBXBuildFile; fileRef = 8577772E1BCF283D001FEF0B /* ECCreditCard.m */; settings = {ASSET_TAGS = (); }; };
		857777361BCF2E02001FEF0B /* ECCreditCardTests.m in Sources */ = {isa = PBXBuildFile; fileRef = 857777351BCF2E02001FEF0B /* ECCreditCardTests.m */; settings = {ASSET_TAGS = (); }; };
		8577773B1BCF4AC1001FEF0B /* StringExtensionTests.m in Sources */ = {isa = PBXBuildFile; fileRef = 8577773A1BCF4AC1001FEF0B /* StringExtensionTests.m */; settings = {ASSET_TAGS = (); }; };
		8577773E1BD00431001FEF0B /* NSString+NSStringExtensions.m in Sources */ = {isa = PBXBuildFile; fileRef = 8577773D1BD00431001FEF0B /* NSString+NSStringExtensions.m */; settings = {ASSET_TAGS = (); }; };
		857777411BD00475001FEF0B /* CheckDigitValidator.m in Sources */ = {isa = PBXBuildFile; fileRef = 857777401BD00475001FEF0B /* CheckDigitValidator.m */; settings = {ASSET_TAGS = (); }; };
		857777441BD0071B001FEF0B /* CheckDigitValidatorTests.m in Sources */ = {isa = PBXBuildFile; fileRef = 857777431BD0071B001FEF0B /* CheckDigitValidatorTests.m */; settings = {ASSET_TAGS = (); }; };
/* End PBXBuildFile section */

/* Begin PBXContainerItemProxy section */
		857777201BCF2795001FEF0B /* PBXContainerItemProxy */ = {
			isa = PBXContainerItemProxy;
			containerPortal = 857776FE1BCF2795001FEF0B /* Project object */;
			proxyType = 1;
			remoteGlobalIDString = 857777051BCF2795001FEF0B;
			remoteInfo = SampleApp1;
		};
/* End PBXContainerItemProxy section */

/* Begin PBXFileReference section */
		857777061BCF2795001FEF0B /* SampleApp1.app */ = {isa = PBXFileReference; explicitFileType = wrapper.application; includeInIndex = 0; path = SampleApp1.app; sourceTree = BUILT_PRODUCTS_DIR; };
		8577770A1BCF2795001FEF0B /* main.m */ = {isa = PBXFileReference; lastKnownFileType = sourcecode.c.objc; path = main.m; sourceTree = "<group>"; };
		8577770C1BCF2795001FEF0B /* AppDelegate.h */ = {isa = PBXFileReference; lastKnownFileType = sourcecode.c.h; path = AppDelegate.h; sourceTree = "<group>"; };
		8577770D1BCF2795001FEF0B /* AppDelegate.m */ = {isa = PBXFileReference; lastKnownFileType = sourcecode.c.objc; path = AppDelegate.m; sourceTree = "<group>"; };
		8577770F1BCF2795001FEF0B /* ViewController.h */ = {isa = PBXFileReference; lastKnownFileType = sourcecode.c.h; path = ViewController.h; sourceTree = "<group>"; };
		857777101BCF2795001FEF0B /* ViewController.m */ = {isa = PBXFileReference; lastKnownFileType = sourcecode.c.objc; path = ViewController.m; sourceTree = "<group>"; };
		857777131BCF2795001FEF0B /* Base */ = {isa = PBXFileReference; lastKnownFileType = file.storyboard; name = Base; path = Base.lproj/Main.storyboard; sourceTree = "<group>"; };
		857777151BCF2795001FEF0B /* Assets.xcassets */ = {isa = PBXFileReference; lastKnownFileType = folder.assetcatalog; path = Assets.xcassets; sourceTree = "<group>"; };
		857777181BCF2795001FEF0B /* Base */ = {isa = PBXFileReference; lastKnownFileType = file.storyboard; name = Base; path = Base.lproj/LaunchScreen.storyboard; sourceTree = "<group>"; };
		8577771A1BCF2795001FEF0B /* Info.plist */ = {isa = PBXFileReference; lastKnownFileType = text.plist.xml; path = Info.plist; sourceTree = "<group>"; };
		8577771F1BCF2795001FEF0B /* SampleApp1Tests.xctest */ = {isa = PBXFileReference; explicitFileType = wrapper.cfbundle; includeInIndex = 0; path = SampleApp1Tests.xctest; sourceTree = BUILT_PRODUCTS_DIR; };
		857777251BCF2795001FEF0B /* Info.plist */ = {isa = PBXFileReference; lastKnownFileType = text.plist.xml; path = Info.plist; sourceTree = "<group>"; };
		8577772E1BCF283D001FEF0B /* ECCreditCard.m */ = {isa = PBXFileReference; fileEncoding = 4; lastKnownFileType = sourcecode.c.objc; path = ECCreditCard.m; sourceTree = "<group>"; };
		857777341BCF2906001FEF0B /* ECCreditCard.h */ = {isa = PBXFileReference; lastKnownFileType = sourcecode.c.h; path = ECCreditCard.h; sourceTree = "<group>"; };
		857777351BCF2E02001FEF0B /* ECCreditCardTests.m */ = {isa = PBXFileReference; fileEncoding = 4; lastKnownFileType = sourcecode.c.objc; path = ECCreditCardTests.m; sourceTree = "<group>"; };
		8577773A1BCF4AC1001FEF0B /* StringExtensionTests.m */ = {isa = PBXFileReference; fileEncoding = 4; lastKnownFileType = sourcecode.c.objc; path = StringExtensionTests.m; sourceTree = "<group>"; };
		8577773C1BD00431001FEF0B /* NSString+NSStringExtensions.h */ = {isa = PBXFileReference; fileEncoding = 4; lastKnownFileType = sourcecode.c.h; path = "NSString+NSStringExtensions.h"; sourceTree = "<group>"; };
		8577773D1BD00431001FEF0B /* NSString+NSStringExtensions.m */ = {isa = PBXFileReference; fileEncoding = 4; lastKnownFileType = sourcecode.c.objc; path = "NSString+NSStringExtensions.m"; sourceTree = "<group>"; };
		857777401BD00475001FEF0B /* CheckDigitValidator.m */ = {isa = PBXFileReference; fileEncoding = 4; lastKnownFileType = sourcecode.c.objc; path = CheckDigitValidator.m; sourceTree = "<group>"; };
		857777421BD0049F001FEF0B /* CheckDigitValidator.h */ = {isa = PBXFileReference; lastKnownFileType = sourcecode.c.h; path = CheckDigitValidator.h; sourceTree = "<group>"; };
		857777431BD0071B001FEF0B /* CheckDigitValidatorTests.m */ = {isa = PBXFileReference; fileEncoding = 4; lastKnownFileType = sourcecode.c.objc; path = CheckDigitValidatorTests.m; sourceTree = "<group>"; };
/* End PBXFileReference section */

/* Begin PBXFrameworksBuildPhase section */
		857777031BCF2795001FEF0B /* Frameworks */ = {
			isa = PBXFrameworksBuildPhase;
			buildActionMask = 2147483647;
			files = (
			);
			runOnlyForDeploymentPostprocessing = 0;
		};
		8577771C1BCF2795001FEF0B /* Frameworks */ = {
			isa = PBXFrameworksBuildPhase;
			buildActionMask = 2147483647;
			files = (
			);
			runOnlyForDeploymentPostprocessing = 0;
		};
/* End PBXFrameworksBuildPhase section */

/* Begin PBXGroup section */
		857776FD1BCF2795001FEF0B = {
			isa = PBXGroup;
			children = (
				857777081BCF2795001FEF0B /* SampleApp1 */,
				857777221BCF2795001FEF0B /* SampleApp1Tests */,
				857777071BCF2795001FEF0B /* Products */,
			);
			sourceTree = "<group>";
		};
		857777071BCF2795001FEF0B /* Products */ = {
			isa = PBXGroup;
			children = (
				857777061BCF2795001FEF0B /* SampleApp1.app */,
				8577771F1BCF2795001FEF0B /* SampleApp1Tests.xctest */,
			);
			name = Products;
			sourceTree = "<group>";
		};
		857777081BCF2795001FEF0B /* SampleApp1 */ = {
			isa = PBXGroup;
			children = (
				8577773F1BD0043C001FEF0B /* Extensions */,
				8577770C1BCF2795001FEF0B /* AppDelegate.h */,
				8577770D1BCF2795001FEF0B /* AppDelegate.m */,
				857777341BCF2906001FEF0B /* ECCreditCard.h */,
				8577772E1BCF283D001FEF0B /* ECCreditCard.m */,
				857777421BD0049F001FEF0B /* CheckDigitValidator.h */,
				857777401BD00475001FEF0B /* CheckDigitValidator.m */,
				8577770F1BCF2795001FEF0B /* ViewController.h */,
				857777101BCF2795001FEF0B /* ViewController.m */,
				857777121BCF2795001FEF0B /* Main.storyboard */,
				857777151BCF2795001FEF0B /* Assets.xcassets */,
				857777171BCF2795001FEF0B /* LaunchScreen.storyboard */,
				8577771A1BCF2795001FEF0B /* Info.plist */,
				857777091BCF2795001FEF0B /* Supporting Files */,
			);
			path = SampleApp1;
			sourceTree = "<group>";
		};
		857777091BCF2795001FEF0B /* Supporting Files */ = {
			isa = PBXGroup;
			children = (
				8577770A1BCF2795001FEF0B /* main.m */,
			);
			name = "Supporting Files";
			sourceTree = "<group>";
		};
		857777221BCF2795001FEF0B /* SampleApp1Tests */ = {
			isa = PBXGroup;
			children = (
				857777251BCF2795001FEF0B /* Info.plist */,
				857777351BCF2E02001FEF0B /* ECCreditCardTests.m */,
				8577773A1BCF4AC1001FEF0B /* StringExtensionTests.m */,
				857777431BD0071B001FEF0B /* CheckDigitValidatorTests.m */,
			);
			path = SampleApp1Tests;
			sourceTree = "<group>";
		};
		8577773F1BD0043C001FEF0B /* Extensions */ = {
			isa = PBXGroup;
			children = (
				8577773C1BD00431001FEF0B /* NSString+NSStringExtensions.h */,
				8577773D1BD00431001FEF0B /* NSString+NSStringExtensions.m */,
			);
			name = Extensions;
			sourceTree = "<group>";
		};
/* End PBXGroup section */

/* Begin PBXNativeTarget section */
		857777051BCF2795001FEF0B /* SampleApp1 */ = {
			isa = PBXNativeTarget;
			buildConfigurationList = 857777281BCF2795001FEF0B /* Build configuration list for PBXNativeTarget "SampleApp1" */;
			buildPhases = (
				857777021BCF2795001FEF0B /* Sources */,
				857777031BCF2795001FEF0B /* Frameworks */,
				857777041BCF2795001FEF0B /* Resources */,
			);
			buildRules = (
			);
			dependencies = (
			);
			name = SampleApp1;
			productName = SampleApp1;
			productReference = 857777061BCF2795001FEF0B /* SampleApp1.app */;
			productType = "com.apple.product-type.application";
		};
		8577771E1BCF2795001FEF0B /* SampleApp1Tests */ = {
			isa = PBXNativeTarget;
			buildConfigurationList = 8577772B1BCF2795001FEF0B /* Build configuration list for PBXNativeTarget "SampleApp1Tests" */;
			buildPhases = (
				8577771B1BCF2795001FEF0B /* Sources */,
				8577771C1BCF2795001FEF0B /* Frameworks */,
				8577771D1BCF2795001FEF0B /* Resources */,
			);
			buildRules = (
			);
			dependencies = (
				857777211BCF2795001FEF0B /* PBXTargetDependency */,
			);
			name = SampleApp1Tests;
			productName = SampleApp1Tests;
			productReference = 8577771F1BCF2795001FEF0B /* SampleApp1Tests.xctest */;
			productType = "com.apple.product-type.bundle.unit-test";
		};
/* End PBXNativeTarget section */

/* Begin PBXProject section */
		857776FE1BCF2795001FEF0B /* Project object */ = {
			isa = PBXProject;
			attributes = {
				LastUpgradeCheck = 0700;
				ORGANIZATIONNAME = "Salvo, Pete";
				TargetAttributes = {
					857777051BCF2795001FEF0B = {
						CreatedOnToolsVersion = 7.0;
					};
					8577771E1BCF2795001FEF0B = {
						CreatedOnToolsVersion = 7.0;
						TestTargetID = 857777051BCF2795001FEF0B;
					};
				};
			};
			buildConfigurationList = 857777011BCF2795001FEF0B /* Build configuration list for PBXProject "SampleApp1" */;
			compatibilityVersion = "Xcode 3.2";
			developmentRegion = English;
			hasScannedForEncodings = 0;
			knownRegions = (
				en,
				Base,
			);
			mainGroup = 857776FD1BCF2795001FEF0B;
			productRefGroup = 857777071BCF2795001FEF0B /* Products */;
			projectDirPath = "";
			projectRoot = "";
			targets = (
				857777051BCF2795001FEF0B /* SampleApp1 */,
				8577771E1BCF2795001FEF0B /* SampleApp1Tests */,
			);
		};
/* End PBXProject section */

/* Begin PBXResourcesBuildPhase section */
		857777041BCF2795001FEF0B /* Resources */ = {
			isa = PBXResourcesBuildPhase;
			buildActionMask = 2147483647;
			files = (
				857777191BCF2795001FEF0B /* LaunchScreen.storyboard in Resources */,
				857777161BCF2795001FEF0B /* Assets.xcassets in Resources */,
				857777141BCF2795001FEF0B /* Main.storyboard in Resources */,
			);
			runOnlyForDeploymentPostprocessing = 0;
		};
		8577771D1BCF2795001FEF0B /* Resources */ = {
			isa = PBXResourcesBuildPhase;
			buildActionMask = 2147483647;
			files = (
			);
			runOnlyForDeploymentPostprocessing = 0;
		};
/* End PBXResourcesBuildPhase section */

/* Begin PBXSourcesBuildPhase section */
		857777021BCF2795001FEF0B /* Sources */ = {
			isa = PBXSourcesBuildPhase;
			buildActionMask = 2147483647;
			files = (
				857777111BCF2795001FEF0B /* ViewController.m in Sources */,
				8577770E1BCF2795001FEF0B /* AppDelegate.m in Sources */,
				8577773E1BD00431001FEF0B /* NSString+NSStringExtensions.m in Sources */,
				857777411BD00475001FEF0B /* CheckDigitValidator.m in Sources */,
				8577772F1BCF283D001FEF0B /* ECCreditCard.m in Sources */,
				8577770B1BCF2795001FEF0B /* main.m in Sources */,
			);
			runOnlyForDeploymentPostprocessing = 0;
		};
		8577771B1BCF2795001FEF0B /* Sources */ = {
			isa = PBXSourcesBuildPhase;
			buildActionMask = 2147483647;
			files = (
				857777441BD0071B001FEF0B /* CheckDigitValidatorTests.m in Sources */,
				8577773B1BCF4AC1001FEF0B /* StringExtensionTests.m in Sources */,
				857777361BCF2E02001FEF0B /* ECCreditCardTests.m in Sources */,
			);
			runOnlyForDeploymentPostprocessing = 0;
		};
/* End PBXSourcesBuildPhase section */

/* Begin PBXTargetDependency section */
		857777211BCF2795001FEF0B /* PBXTargetDependency */ = {
			isa = PBXTargetDependency;
			target = 857777051BCF2795001FEF0B /* SampleApp1 */;
			targetProxy = 857777201BCF2795001FEF0B /* PBXContainerItemProxy */;
		};
/* End PBXTargetDependency section */

/* Begin PBXVariantGroup section */
		857777121BCF2795001FEF0B /* Main.storyboard */ = {
			isa = PBXVariantGroup;
			children = (
				857777131BCF2795001FEF0B /* Base */,
			);
			name = Main.storyboard;
			sourceTree = "<group>";
		};
		857777171BCF2795001FEF0B /* LaunchScreen.storyboard */ = {
			isa = PBXVariantGroup;
			children = (
				857777181BCF2795001FEF0B /* Base */,
			);
			name = LaunchScreen.storyboard;
			sourceTree = "<group>";
		};
/* End PBXVariantGroup section */

/* Begin XCBuildConfiguration section */
		857777261BCF2795001FEF0B /* Debug */ = {
			isa = XCBuildConfiguration;
			buildSettings = {
				ALWAYS_SEARCH_USER_PATHS = NO;
				CLANG_CXX_LANGUAGE_STANDARD = "gnu++0x";
				CLANG_CXX_LIBRARY = "libc++";
				CLANG_ENABLE_MODULES = YES;
				CLANG_ENABLE_OBJC_ARC = YES;
				CLANG_WARN_BOOL_CONVERSION = YES;
				CLANG_WARN_CONSTANT_CONVERSION = YES;
				CLANG_WARN_DIRECT_OBJC_ISA_USAGE = YES_ERROR;
				CLANG_WARN_EMPTY_BODY = YES;
				CLANG_WARN_ENUM_CONVERSION = YES;
				CLANG_WARN_INT_CONVERSION = YES;
				CLANG_WARN_OBJC_ROOT_CLASS = YES_ERROR;
				CLANG_WARN_UNREACHABLE_CODE = YES;
				CLANG_WARN__DUPLICATE_METHOD_MATCH = YES;
				"CODE_SIGN_IDENTITY[sdk=iphoneos*]" = "iPhone Developer";
				COPY_PHASE_STRIP = NO;
				DEBUG_INFORMATION_FORMAT = dwarf;
				ENABLE_STRICT_OBJC_MSGSEND = YES;
				ENABLE_TESTABILITY = YES;
				GCC_C_LANGUAGE_STANDARD = gnu99;
				GCC_DYNAMIC_NO_PIC = NO;
				GCC_NO_COMMON_BLOCKS = YES;
				GCC_OPTIMIZATION_LEVEL = 0;
				GCC_PREPROCESSOR_DEFINITIONS = (
					"DEBUG=1",
					"$(inherited)",
				);
				GCC_WARN_64_TO_32_BIT_CONVERSION = YES;
				GCC_WARN_ABOUT_RETURN_TYPE = YES_ERROR;
				GCC_WARN_UNDECLARED_SELECTOR = YES;
				GCC_WARN_UNINITIALIZED_AUTOS = YES_AGGRESSIVE;
				GCC_WARN_UNUSED_FUNCTION = YES;
				GCC_WARN_UNUSED_VARIABLE = YES;
				IPHONEOS_DEPLOYMENT_TARGET = 9.0;
				MTL_ENABLE_DEBUG_INFO = YES;
				ONLY_ACTIVE_ARCH = YES;
				SDKROOT = iphoneos;
				TARGETED_DEVICE_FAMILY = "1,2";
			};
			name = Debug;
		};
		857777271BCF2795001FEF0B /* Release */ = {
			isa = XCBuildConfiguration;
			buildSettings = {
				ALWAYS_SEARCH_USER_PATHS = NO;
				CLANG_CXX_LANGUAGE_STANDARD = "gnu++0x";
				CLANG_CXX_LIBRARY = "libc++";
				CLANG_ENABLE_MODULES = YES;
				CLANG_ENABLE_OBJC_ARC = YES;
				CLANG_WARN_BOOL_CONVERSION = YES;
				CLANG_WARN_CONSTANT_CONVERSION = YES;
				CLANG_WARN_DIRECT_OBJC_ISA_USAGE = YES_ERROR;
				CLANG_WARN_EMPTY_BODY = YES;
				CLANG_WARN_ENUM_CONVERSION = YES;
				CLANG_WARN_INT_CONVERSION = YES;
				CLANG_WARN_OBJC_ROOT_CLASS = YES_ERROR;
				CLANG_WARN_UNREACHABLE_CODE = YES;
				CLANG_WARN__DUPLICATE_METHOD_MATCH = YES;
				"CODE_SIGN_IDENTITY[sdk=iphoneos*]" = "iPhone Developer";
				COPY_PHASE_STRIP = NO;
				DEBUG_INFORMATION_FORMAT = "dwarf-with-dsym";
				ENABLE_NS_ASSERTIONS = NO;
				ENABLE_STRICT_OBJC_MSGSEND = YES;
				GCC_C_LANGUAGE_STANDARD = gnu99;
				GCC_NO_COMMON_BLOCKS = YES;
				GCC_WARN_64_TO_32_BIT_CONVERSION = YES;
				GCC_WARN_ABOUT_RETURN_TYPE = YES_ERROR;
				GCC_WARN_UNDECLARED_SELECTOR = YES;
				GCC_WARN_UNINITIALIZED_AUTOS = YES_AGGRESSIVE;
				GCC_WARN_UNUSED_FUNCTION = YES;
				GCC_WARN_UNUSED_VARIABLE = YES;
				IPHONEOS_DEPLOYMENT_TARGET = 9.0;
				MTL_ENABLE_DEBUG_INFO = NO;
				SDKROOT = iphoneos;
				TARGETED_DEVICE_FAMILY = "1,2";
				VALIDATE_PRODUCT = YES;
			};
			name = Release;
		};
		857777291BCF2795001FEF0B /* Debug */ = {
			isa = XCBuildConfiguration;
			buildSettings = {
				ASSETCATALOG_COMPILER_APPICON_NAME = AppIcon;
				CODE_SIGN_IDENTITY = "iPhone Developer";
				INFOPLIST_FILE = SampleApp1/Info.plist;
				LD_RUNPATH_SEARCH_PATHS = "$(inherited) @executable_path/Frameworks";
				PRODUCT_BUNDLE_IDENTIFIER = com.petesalvo.SampleApp1;
				PRODUCT_NAME = "$(TARGET_NAME)";
			};
			name = Debug;
		};
		8577772A1BCF2795001FEF0B /* Release */ = {
			isa = XCBuildConfiguration;
			buildSettings = {
				ASSETCATALOG_COMPILER_APPICON_NAME = AppIcon;
				INFOPLIST_FILE = SampleApp1/Info.plist;
				LD_RUNPATH_SEARCH_PATHS = "$(inherited) @executable_path/Frameworks";
				PRODUCT_BUNDLE_IDENTIFIER = com.petesalvo.SampleApp1;
				PRODUCT_NAME = "$(TARGET_NAME)";
			};
			name = Release;
		};
		8577772C1BCF2795001FEF0B /* Debug */ = {
			isa = XCBuildConfiguration;
			buildSettings = {
				BUNDLE_LOADER = "$(TEST_HOST)";
				INFOPLIST_FILE = SampleApp1Tests/Info.plist;
				LD_RUNPATH_SEARCH_PATHS = "$(inherited) @executable_path/Frameworks @loader_path/Frameworks";
				PRODUCT_BUNDLE_IDENTIFIER = com.petesalvo.SampleApp1Tests;
				PRODUCT_NAME = "$(TARGET_NAME)";
				TEST_HOST = "$(BUILT_PRODUCTS_DIR)/SampleApp1.app/SampleApp1";
			};
			name = Debug;
		};
		8577772D1BCF2795001FEF0B /* Release */ = {
			isa = XCBuildConfiguration;
			buildSettings = {
				BUNDLE_LOADER = "$(TEST_HOST)";
				INFOPLIST_FILE = SampleApp1Tests/Info.plist;
				LD_RUNPATH_SEARCH_PATHS = "$(inherited) @executable_path/Frameworks @loader_path/Frameworks";
				PRODUCT_BUNDLE_IDENTIFIER = com.petesalvo.SampleApp1Tests;
				PRODUCT_NAME = "$(TARGET_NAME)";
				TEST_HOST = "$(BUILT_PRODUCTS_DIR)/SampleApp1.app/SampleApp1";
			};
			name = Release;
		};
/* End XCBuildConfiguration section */

/* Begin XCConfigurationList section */
		857777011BCF2795001FEF0B /* Build configuration list for PBXProject "SampleApp1" */ = {
			isa = XCConfigurationList;
			buildConfigurations = (
				857777261BCF2795001FEF0B /* Debug */,
				857777271BCF2795001FEF0B /* Release */,
			);
			defaultConfigurationIsVisible = 0;
			defaultConfigurationName = Release;
		};
		857777281BCF2795001FEF0B /* Build configuration list for PBXNativeTarget "SampleApp1" */ = {
			isa = XCConfigurationList;
			buildConfigurations = (
				857777291BCF2795001FEF0B /* Debug */,
				8577772A1BCF2795001FEF0B /* Release */,
			);
			defaultConfigurationIsVisible = 0;
			defaultConfigurationName = Release;
		};
		8577772B1BCF2795001FEF0B /* Build configuration list for PBXNativeTarget "SampleApp1Tests" */ = {
			isa = XCConfigurationList;
			buildConfigurations = (
				8577772C1BCF2795001FEF0B /* Debug */,
				8577772D1BCF2795001FEF0B /* Release */,
			);
			defaultConfigurationIsVisible = 0;
			defaultConfigurationName = Release;
		};
/* End XCConfigurationList section */
	};
	rootObject = 857776FE1BCF2795001FEF0B /* Project object */;
}
